
Microsoft Visual Studio Solution File, Format Version 12.00
# Visual Studio 15
VisualStudioVersion = 15.0.26730.8
MinimumVisualStudioVersion = 10.0.40219.1
Project("{FAE04EC0-301F-11D3-BF4B-00C04F79EFBC}") = "Huanent.VisualStudio.DebuggerVisualizers", "Huanent.VisualStudio.DebuggerVisualizers\Huanent.VisualStudio.DebuggerVisualizers.csproj", "{41B605C8-A296-4CC3-8AE8-F52C13D4F4FC}"
EndProject
Project("{FAE04EC0-301F-11D3-BF4B-00C04F79EFBC}") = "Test", "Test\Test.csproj", "{0234E660-0C91-4FFC-9977-99EE37CBD0C5}"
EndProject
Global
	GlobalSection(SolutionConfigurationPlatforms) = preSolution
		Debug|Any CPU = Debug|Any CPU
		Release|Any CPU = Release|Any CPU
	EndGlobalSection
	GlobalSection(ProjectConfigurationPlatforms) = postSolution
		{41B605C8-A296-4CC3-8AE8-F52C13D4F4FC}.Debug|Any CPU.ActiveCfg = Debug|Any CPU
		{41B605C8-A296-4CC3-8AE8-F52C13D4F4FC}.Debug|Any CPU.Build.0 = Debug|Any CPU
		{41B605C8-A296-4CC3-8AE8-F52C13D4F4FC}.Release|Any CPU.ActiveCfg = Release|Any CPU
		{41B605C8-A296-4CC3-8AE8-F52C13D4F4FC}.Release|Any CPU.Build.0 = Release|Any CPU
		{0234E660-0C91-4FFC-9977-99EE37CBD0C5}.Debug|Any CPU.ActiveCfg = Debug|Any CPU
		{0234E660-0C91-4FFC-9977-99EE37CBD0C5}.Debug|Any CPU.Build.0 = Debug|Any CPU
		{0234E660-0C91-4FFC-9977-99EE37CBD0C5}.Release|Any CPU.ActiveCfg = Release|Any CPU
		{0234E660-0C91-4FFC-9977-99EE37CBD0C5}.Release|Any CPU.Build.0 = Release|Any CPU
	EndGlobalSection
	GlobalSection(SolutionProperties) = preSolution
		HideSolutionNode = FALSE
	EndGlobalSection
	GlobalSection(ExtensibilityGlobals) = postSolution
		SolutionGuid = {5C6366AB-4DC5-4369-A393-01742DA816B7}
	EndGlobalSection
EndGlobal
